// !$*UTF8*$!
{
	archiveVersion = 1;
	classes = {
	};
	objectVersion = 55;
	objects = {

/* Begin PBXBuildFile section */
		718CDDFB27F28E2D00B14F2E /* RehberApp.xcdatamodeld in Sources */ = {isa = PBXBuildFile; fileRef = 718CDDF927F28E2D00B14F2E /* RehberApp.xcdatamodeld */; };
		71EDA24327F246F60031F2E6 /* AppDelegate.swift in Sources */ = {isa = PBXBuildFile; fileRef = 71EDA24227F246F60031F2E6 /* AppDelegate.swift */; };
		71EDA24527F246F60031F2E6 /* SceneDelegate.swift in Sources */ = {isa = PBXBuildFile; fileRef = 71EDA24427F246F60031F2E6 /* SceneDelegate.swift */; };
		71EDA24727F246F60031F2E6 /* ViewController.swift in Sources */ = {isa = PBXBuildFile; fileRef = 71EDA24627F246F60031F2E6 /* ViewController.swift */; };
		71EDA24A27F246F60031F2E6 /* Main.storyboard in Resources */ = {isa = PBXBuildFile; fileRef = 71EDA24827F246F60031F2E6 /* Main.storyboard */; };
		71EDA24C27F246F70031F2E6 /* Assets.xcassets in Resources */ = {isa = PBXBuildFile; fileRef = 71EDA24B27F246F70031F2E6 /* Assets.xcassets */; };
		71EDA24F27F246F70031F2E6 /* LaunchScreen.storyboard in Resources */ = {isa = PBXBuildFile; fileRef = 71EDA24D27F246F70031F2E6 /* LaunchScreen.storyboard */; };
		71EDA25727F248180031F2E6 /* KisiTableViewCell.swift in Sources */ = {isa = PBXBuildFile; fileRef = 71EDA25627F248180031F2E6 /* KisiTableViewCell.swift */; };
		71EDA25927F24A8E0031F2E6 /* KisiEkleVC.swift in Sources */ = {isa = PBXBuildFile; fileRef = 71EDA25827F24A8E0031F2E6 /* KisiEkleVC.swift */; };
		71EDA25B27F24AA80031F2E6 /* KisiGuncelleVC.swift in Sources */ = {isa = PBXBuildFile; fileRef = 71EDA25A27F24AA80031F2E6 /* KisiGuncelleVC.swift */; };
		71EDA25D27F24AB50031F2E6 /* KisiDetayVC.swift in Sources */ = {isa = PBXBuildFile; fileRef = 71EDA25C27F24AB50031F2E6 /* KisiDetayVC.swift */; };
/* End PBXBuildFile section */

/* Begin PBXFileReference section */
		718CDDFA27F28E2D00B14F2E /* RehberApp.xcdatamodel */ = {isa = PBXFileReference; lastKnownFileType = wrapper.xcdatamodel; path = RehberApp.xcdatamodel; sourceTree = "<group>"; };
		71EDA23F27F246F60031F2E6 /* KisilerApp.app */ = {isa = PBXFileReference; explicitFileType = wrapper.application; includeInIndex = 0; path = KisilerApp.app; sourceTree = BUILT_PRODUCTS_DIR; };
		71EDA24227F246F60031F2E6 /* AppDelegate.swift */ = {isa = PBXFileReference; lastKnownFileType = sourcecode.swift; path = AppDelegate.swift; sourceTree = "<group>"; };
		71EDA24427F246F60031F2E6 /* SceneDelegate.swift */ = {isa = PBXFileReference; lastKnownFileType = sourcecode.swift; path = SceneDelegate.swift; sourceTree = "<group>"; };
		71EDA24627F246F60031F2E6 /* ViewController.swift */ = {isa = PBXFileReference; lastKnownFileType = sourcecode.swift; path = ViewController.swift; sourceTree = "<group>"; };
		71EDA24927F246F60031F2E6 /* Base */ = {isa = PBXFileReference; lastKnownFileType = file.storyboard; name = Base; path = Base.lproj/Main.storyboard; sourceTree = "<group>"; };
		71EDA24B27F246F70031F2E6 /* Assets.xcassets */ = {isa = PBXFileReference; lastKnownFileType = folder.assetcatalog; path = Assets.xcassets; sourceTree = "<group>"; };
		71EDA24E27F246F70031F2E6 /* Base */ = {isa = PBXFileReference; lastKnownFileType = file.storyboard; name = Base; path = Base.lproj/LaunchScreen.storyboard; sourceTree = "<group>"; };
		71EDA25027F246F70031F2E6 /* Info.plist */ = {isa = PBXFileReference; lastKnownFileType = text.plist.xml; path = Info.plist; sourceTree = "<group>"; };
		71EDA25627F248180031F2E6 /* KisiTableViewCell.swift */ = {isa = PBXFileReference; lastKnownFileType = sourcecode.swift; path = KisiTableViewCell.swift; sourceTree = "<group>"; };
		71EDA25827F24A8E0031F2E6 /* KisiEkleVC.swift */ = {isa = PBXFileReference; lastKnownFileType = sourcecode.swift; path = KisiEkleVC.swift; sourceTree = "<group>"; };
		71EDA25A27F24AA80031F2E6 /* KisiGuncelleVC.swift */ = {isa = PBXFileReference; lastKnownFileType = sourcecode.swift; path = KisiGuncelleVC.swift; sourceTree = "<group>"; };
		71EDA25C27F24AB50031F2E6 /* KisiDetayVC.swift */ = {isa = PBXFileReference; lastKnownFileType = sourcecode.swift; path = KisiDetayVC.swift; sourceTree = "<group>"; };
/* End PBXFileReference section */

/* Begin PBXFrameworksBuildPhase section */
		71EDA23C27F246F60031F2E6 /* Frameworks */ = {
			isa = PBXFrameworksBuildPhase;
			buildActionMask = 2147483647;
			files = (
			);
			runOnlyForDeploymentPostprocessing = 0;
		};
/* End PBXFrameworksBuildPhase section */

/* Begin PBXGroup section */
		71EDA23627F246F60031F2E6 = {
			isa = PBXGroup;
			children = (
				71EDA24127F246F60031F2E6 /* KisilerApp */,
				71EDA24027F246F60031F2E6 /* Products */,
			);
			sourceTree = "<group>";
		};
		71EDA24027F246F60031F2E6 /* Products */ = {
			isa = PBXGroup;
			children = (
				71EDA23F27F246F60031F2E6 /* KisilerApp.app */,
			);
			name = Products;
			sourceTree = "<group>";
		};
		71EDA24127F246F60031F2E6 /* KisilerApp */ = {
			isa = PBXGroup;
			children = (
				71EDA24227F246F60031F2E6 /* AppDelegate.swift */,
				71EDA24427F246F60031F2E6 /* SceneDelegate.swift */,
				71EDA24627F246F60031F2E6 /* ViewController.swift */,
				71EDA24827F246F60031F2E6 /* Main.storyboard */,
				71EDA24B27F246F70031F2E6 /* Assets.xcassets */,
				71EDA24D27F246F70031F2E6 /* LaunchScreen.storyboard */,
				71EDA25027F246F70031F2E6 /* Info.plist */,
				71EDA25627F248180031F2E6 /* KisiTableViewCell.swift */,
				71EDA25827F24A8E0031F2E6 /* KisiEkleVC.swift */,
				71EDA25A27F24AA80031F2E6 /* KisiGuncelleVC.swift */,
				71EDA25C27F24AB50031F2E6 /* KisiDetayVC.swift */,
				718CDDF927F28E2D00B14F2E /* RehberApp.xcdatamodeld */,
			);
			path = KisilerApp;
			sourceTree = "<group>";
		};
/* End PBXGroup section */

/* Begin PBXNativeTarget section */
		71EDA23E27F246F60031F2E6 /* KisilerApp */ = {
			isa = PBXNativeTarget;
			buildConfigurationList = 71EDA25327F246F70031F2E6 /* Build configuration list for PBXNativeTarget "KisilerApp" */;
			buildPhases = (
				71EDA23B27F246F60031F2E6 /* Sources */,
				71EDA23C27F246F60031F2E6 /* Frameworks */,
				71EDA23D27F246F60031F2E6 /* Resources */,
			);
			buildRules = (
			);
			dependencies = (
			);
			name = KisilerApp;
			productName = KisilerApp;
			productReference = 71EDA23F27F246F60031F2E6 /* KisilerApp.app */;
			productType = "com.apple.product-type.application";
		};
/* End PBXNativeTarget section */

/* Begin PBXProject section */
		71EDA23727F246F60031F2E6 /* Project object */ = {
			isa = PBXProject;
			attributes = {
				BuildIndependentTargetsInParallel = 1;
				LastSwiftUpdateCheck = 1320;
				LastUpgradeCheck = 1320;
				TargetAttributes = {
					71EDA23E27F246F60031F2E6 = {
						CreatedOnToolsVersion = 13.2.1;
					};
				};
			};
			buildConfigurationList = 71EDA23A27F246F60031F2E6 /* Build configuration list for PBXProject "KisilerApp" */;
			compatibilityVersion = "Xcode 13.0";
			developmentRegion = en;
			hasScannedForEncodings = 0;
			knownRegions = (
				en,
				Base,
			);
			mainGroup = 71EDA23627F246F60031F2E6;
			productRefGroup = 71EDA24027F246F60031F2E6 /* Products */;
			projectDirPath = "";
			projectRoot = "";
			targets = (
				71EDA23E27F246F60031F2E6 /* KisilerApp */,
			);
		};
/* End PBXProject section */

/* Begin PBXResourcesBuildPhase section */
		71EDA23D27F246F60031F2E6 /* Resources */ = {
			isa = PBXResourcesBuildPhase;
			buildActionMask = 2147483647;
			files = (
				71EDA24F27F246F70031F2E6 /* LaunchScreen.storyboard in Resources */,
				71EDA24C27F246F70031F2E6 /* Assets.xcassets in Resources */,
				71EDA24A27F246F60031F2E6 /* Main.storyboard in Resources */,
			);
			runOnlyForDeploymentPostprocessing = 0;
		};
/* End PBXResourcesBuildPhase section */

/* Begin PBXSourcesBuildPhase section */
		71EDA23B27F246F60031F2E6 /* Sources */ = {
			isa = PBXSourcesBuildPhase;
			buildActionMask = 2147483647;
			files = (
				71EDA24727F246F60031F2E6 /* ViewController.swift in Sources */,
				71EDA25B27F24AA80031F2E6 /* KisiGuncelleVC.swift in Sources */,
				71EDA25927F24A8E0031F2E6 /* KisiEkleVC.swift in Sources */,
				71EDA25727F248180031F2E6 /* KisiTableViewCell.swift in Sources */,
				71EDA24327F246F60031F2E6 /* AppDelegate.swift in Sources */,
				71EDA24527F246F60031F2E6 /* SceneDelegate.swift in Sources */,
				71EDA25D27F24AB50031F2E6 /* KisiDetayVC.swift in Sources */,
				718CDDFB27F28E2D00B14F2E /* RehberApp.xcdatamodeld in Sources */,
			);
			runOnlyForDeploymentPostprocessing = 0;
		};
/* End PBXSourcesBuildPhase section */

/* Begin PBXVariantGroup section */
		71EDA24827F246F60031F2E6 /* Main.storyboard */ = {
			isa = PBXVariantGroup;
			children = (
				71EDA24927F246F60031F2E6 /* Base */,
			);
			name = Main.storyboard;
			sourceTree = "<group>";
		};
		71EDA24D27F246F70031F2E6 /* LaunchScreen.storyboard */ = {
			isa = PBXVariantGroup;
			children = (
				71EDA24E27F246F70031F2E6 /* Base */,
			);
			name = LaunchScreen.storyboard;
			sourceTree = "<group>";
		};
/* End PBXVariantGroup section */

/* Begin XCBuildConfiguration section */
		71EDA25127F246F70031F2E6 /* Debug */ = {
			isa = XCBuildConfiguration;
			buildSettings = {
				ALWAYS_SEARCH_USER_PATHS = NO;
				CLANG_ANALYZER_NONNULL = YES;
				CLANG_ANALYZER_NUMBER_OBJECT_CONVERSION = YES_AGGRESSIVE;
				CLANG_CXX_LANGUAGE_STANDARD = "gnu++17";
				CLANG_CXX_LIBRARY = "libc++";
				CLANG_ENABLE_MODULES = YES;
				CLANG_ENABLE_OBJC_ARC = YES;
				CLANG_ENABLE_OBJC_WEAK = YES;
				CLANG_WARN_BLOCK_CAPTURE_AUTORELEASING = YES;
				CLANG_WARN_BOOL_CONVERSION = YES;
				CLANG_WARN_COMMA = YES;
				CLANG_WARN_CONSTANT_CONVERSION = YES;
				CLANG_WARN_DEPRECATED_OBJC_IMPLEMENTATIONS = YES;
				CLANG_WARN_DIRECT_OBJC_ISA_USAGE = YES_ERROR;
				CLANG_WARN_DOCUMENTATION_COMMENTS = YES;
				CLANG_WARN_EMPTY_BODY = YES;
				CLANG_WARN_ENUM_CONVERSION = YES;
				CLANG_WARN_INFINITE_RECURSION = YES;
				CLANG_WARN_INT_CONVERSION = YES;
				CLANG_WARN_NON_LITERAL_NULL_CONVERSION = YES;
				CLANG_WARN_OBJC_IMPLICIT_RETAIN_SELF = YES;
				CLANG_WARN_OBJC_LITERAL_CONVERSION = YES;
				CLANG_WARN_OBJC_ROOT_CLASS = YES_ERROR;
				CLANG_WARN_QUOTED_INCLUDE_IN_FRAMEWORK_HEADER = YES;
				CLANG_WARN_RANGE_LOOP_ANALYSIS = YES;
				CLANG_WARN_STRICT_PROTOTYPES = YES;
				CLANG_WARN_SUSPICIOUS_MOVE = YES;
				CLANG_WARN_UNGUARDED_AVAILABILITY = YES_AGGRESSIVE;
				CLANG_WARN_UNREACHABLE_CODE = YES;
				CLANG_WARN__DUPLICATE_METHOD_MATCH = YES;
				COPY_PHASE_STRIP = NO;
				DEBUG_INFORMATION_FORMAT = dwarf;
				ENABLE_STRICT_OBJC_MSGSEND = YES;
				ENABLE_TESTABILITY = YES;
				GCC_C_LANGUAGE_STANDARD = gnu11;
				GCC_DYNAMIC_NO_PIC = NO;
				GCC_NO_COMMON_BLOCKS = YES;
				GCC_OPTIMIZATION_LEVEL = 0;
				GCC_PREPROCESSOR_DEFINITIONS = (
					"DEBUG=1",
					"$(inherited)",
				);
				GCC_WARN_64_TO_32_BIT_CONVERSION = YES;
				GCC_WARN_ABOUT_RETURN_TYPE = YES_ERROR;
				GCC_WARN_UNDECLARED_SELECTOR = YES;
				GCC_WARN_UNINITIALIZED_AUTOS = YES_AGGRESSIVE;
				GCC_WARN_UNUSED_FUNCTION = YES;
				GCC_WARN_UNUSED_VARIABLE = YES;
				IPHONEOS_DEPLOYMENT_TARGET = 15.2;
				MTL_ENABLE_DEBUG_INFO = INCLUDE_SOURCE;
				MTL_FAST_MATH = YES;
				ONLY_ACTIVE_ARCH = YES;
				SDKROOT = iphoneos;
				SWIFT_ACTIVE_COMPILATION_CONDITIONS = DEBUG;
				SWIFT_OPTIMIZATION_LEVEL = "-Onone";
			};
			name = Debug;
		};
		71EDA25227F246F70031F2E6 /* Release */ = {
			isa = XCBuildConfiguration;
			buildSettings = {
				ALWAYS_SEARCH_USER_PATHS = NO;
				CLANG_ANALYZER_NONNULL = YES;
				CLANG_ANALYZER_NUMBER_OBJECT_CONVERSION = YES_AGGRESSIVE;
				CLANG_CXX_LANGUAGE_STANDARD = "gnu++17";
				CLANG_CXX_LIBRARY = "libc++";
				CLANG_ENABLE_MODULES = YES;
				CLANG_ENABLE_OBJC_ARC = YES;
				CLANG_ENABLE_OBJC_WEAK = YES;
				CLANG_WARN_BLOCK_CAPTURE_AUTORELEASING = YES;
				CLANG_WARN_BOOL_CONVERSION = YES;
				CLANG_WARN_COMMA = YES;
				CLANG_WARN_CONSTANT_CONVERSION = YES;
				CLANG_WARN_DEPRECATED_OBJC_IMPLEMENTATIONS = YES;
				CLANG_WARN_DIRECT_OBJC_ISA_USAGE = YES_ERROR;
				CLANG_WARN_DOCUMENTATION_COMMENTS = YES;
				CLANG_WARN_EMPTY_BODY = YES;
				CLANG_WARN_ENUM_CONVERSION = YES;
				CLANG_WARN_INFINITE_RECURSION = YES;
				CLANG_WARN_INT_CONVERSION = YES;
				CLANG_WARN_NON_LITERAL_NULL_CONVERSION = YES;
				CLANG_WARN_OBJC_IMPLICIT_RETAIN_SELF = YES;
				CLANG_WARN_OBJC_LITERAL_CONVERSION = YES;
				CLANG_WARN_OBJC_ROOT_CLASS = YES_ERROR;
				CLANG_WARN_QUOTED_INCLUDE_IN_FRAMEWORK_HEADER = YES;
				CLANG_WARN_RANGE_LOOP_ANALYSIS = YES;
				CLANG_WARN_STRICT_PROTOTYPES = YES;
				CLANG_WARN_SUSPICIOUS_MOVE = YES;
				CLANG_WARN_UNGUARDED_AVAILABILITY = YES_AGGRESSIVE;
				CLANG_WARN_UNREACHABLE_CODE = YES;
				CLANG_WARN__DUPLICATE_METHOD_MATCH = YES;
				COPY_PHASE_STRIP = NO;
				DEBUG_INFORMATION_FORMAT = "dwarf-with-dsym";
				ENABLE_NS_ASSERTIONS = NO;
				ENABLE_STRICT_OBJC_MSGSEND = YES;
				GCC_C_LANGUAGE_STANDARD = gnu11;
				GCC_NO_COMMON_BLOCKS = YES;
				GCC_WARN_64_TO_32_BIT_CONVERSION = YES;
				GCC_WARN_ABOUT_RETURN_TYPE = YES_ERROR;
				GCC_WARN_UNDECLARED_SELECTOR = YES;
				GCC_WARN_UNINITIALIZED_AUTOS = YES_AGGRESSIVE;
				GCC_WARN_UNUSED_FUNCTION = YES;
				GCC_WARN_UNUSED_VARIABLE = YES;
				IPHONEOS_DEPLOYMENT_TARGET = 15.2;
				MTL_ENABLE_DEBUG_INFO = NO;
				MTL_FAST_MATH = YES;
				SDKROOT = iphoneos;
				SWIFT_COMPILATION_MODE = wholemodule;
				SWIFT_OPTIMIZATION_LEVEL = "-O";
				VALIDATE_PRODUCT = YES;
			};
			name = Release;
		};
		71EDA25427F246F70031F2E6 /* Debug */ = {
			isa = XCBuildConfiguration;
			buildSettings = {
				ASSETCATALOG_COMPILER_APPICON_NAME = AppIcon;
				ASSETCATALOG_COMPILER_GLOBAL_ACCENT_COLOR_NAME = AccentColor;
				CODE_SIGN_STYLE = Automatic;
				CURRENT_PROJECT_VERSION = 1;
				GENERATE_INFOPLIST_FILE = YES;
				INFOPLIST_FILE = KisilerApp/Info.plist;
				INFOPLIST_KEY_UIApplicationSupportsIndirectInputEvents = YES;
				INFOPLIST_KEY_UILaunchStoryboardName = LaunchScreen;
				INFOPLIST_KEY_UIMainStoryboardFile = Main;
				INFOPLIST_KEY_UISupportedInterfaceOrientations_iPad = "UIInterfaceOrientationPortrait UIInterfaceOrientationPortraitUpsideDown UIInterfaceOrientationLandscapeLeft UIInterfaceOrientationLandscapeRight";
				INFOPLIST_KEY_UISupportedInterfaceOrientations_iPhone = "UIInterfaceOrientationPortrait UIInterfaceOrientationLandscapeLeft UIInterfaceOrientationLandscapeRight";
				IPHONEOS_DEPLOYMENT_TARGET = 15.2;
				LD_RUNPATH_SEARCH_PATHS = (
					"$(inherited)",
					"@executable_path/Frameworks",
				);
				MARKETING_VERSION = 1.0;
				PRODUCT_BUNDLE_IDENTIFIER = com.talhavarol.KisilerApp;
				PRODUCT_NAME = "$(TARGET_NAME)";
				SWIFT_EMIT_LOC_STRINGS = YES;
				SWIFT_VERSION = 5.0;
				TARGETED_DEVICE_FAMILY = "1,2";
			};
			name = Debug;
		};
		71EDA25527F246F70031F2E6 /* Release */ = {
			isa = XCBuildConfiguration;
			buildSettings = {
				ASSETCATALOG_COMPILER_APPICON_NAME = AppIcon;
				ASSETCATALOG_COMPILER_GLOBAL_ACCENT_COLOR_NAME = AccentColor;
				CODE_SIGN_STYLE = Automatic;
				CURRENT_PROJECT_VERSION = 1;
				GENERATE_INFOPLIST_FILE = YES;
				INFOPLIST_FILE = KisilerApp/Info.plist;
				INFOPLIST_KEY_UIApplicationSupportsIndirectInputEvents = YES;
				INFOPLIST_KEY_UILaunchStoryboardName = LaunchScreen;
				INFOPLIST_KEY_UIMainStoryboardFile = Main;
				INFOPLIST_KEY_UISupportedInterfaceOrientations_iPad = "UIInterfaceOrientationPortrait UIInterfaceOrientationPortraitUpsideDown UIInterfaceOrientationLandscapeLeft UIInterfaceOrientationLandscapeRight";
				INFOPLIST_KEY_UISupportedInterfaceOrientations_iPhone = "UIInterfaceOrientationPortrait UIInterfaceOrientationLandscapeLeft UIInterfaceOrientationLandscapeRight";
				IPHONEOS_DEPLOYMENT_TARGET = 15.2;
				LD_RUNPATH_SEARCH_PATHS = (
					"$(inherited)",
					"@executable_path/Frameworks",
				);
				MARKETING_VERSION = 1.0;
				PRODUCT_BUNDLE_IDENTIFIER = com.talhavarol.KisilerApp;
				PRODUCT_NAME = "$(TARGET_NAME)";
				SWIFT_EMIT_LOC_STRINGS = YES;
				SWIFT_VERSION = 5.0;
				TARGETED_DEVICE_FAMILY = "1,2";
			};
			name = Release;
		};
/* End XCBuildConfiguration section */

/* Begin XCConfigurationList section */
		71EDA23A27F246F60031F2E6 /* Build configuration list for PBXProject "KisilerApp" */ = {
			isa = XCConfigurationList;
			buildConfigurations = (
				71EDA25127F246F70031F2E6 /* Debug */,
				71EDA25227F246F70031F2E6 /* Release */,
			);
			defaultConfigurationIsVisible = 0;
			defaultConfigurationName = Release;
		};
		71EDA25327F246F70031F2E6 /* Build configuration list for PBXNativeTarget "KisilerApp" */ = {
			isa = XCConfigurationList;
			buildConfigurations = (
				71EDA25427F246F70031F2E6 /* Debug */,
				71EDA25527F246F70031F2E6 /* Release */,
			);
			defaultConfigurationIsVisible = 0;
			defaultConfigurationName = Release;
		};
/* End XCConfigurationList section */

/* Begin XCVersionGroup section */
		718CDDF927F28E2D00B14F2E /* RehberApp.xcdatamodeld */ = {
			isa = XCVersionGroup;
			children = (
				718CDDFA27F28E2D00B14F2E /* RehberApp.xcdatamodel */,
			);
			currentVersion = 718CDDFA27F28E2D00B14F2E /* RehberApp.xcdatamodel */;
			path = RehberApp.xcdatamodeld;
			sourceTree = "<group>";
			versionGroupType = wrapper.xcdatamodel;
		};
/* End XCVersionGroup section */
	};
	rootObject = 71EDA23727F246F60031F2E6 /* Project object */;
}
